
Microsoft Visual Studio Solution File, Format Version 12.00
# Visual Studio Version 16
VisualStudioVersion = 16.0.29519.181
MinimumVisualStudioVersion = 10.0.40219.1
Project("{FAE04EC0-301F-11D3-BF4B-00C04F79EFBC}") = "PrintDuplicate", "PrintDuplicate.csproj", "{EFB7656B-2525-4CE7-B16A-2002F7A25C79}"
EndProject
Global
	GlobalSection(SolutionConfigurationPlatforms) = preSolution
		Debug|Any CPU = Debug|Any CPU
		Release|Any CPU = Release|Any CPU
	EndGlobalSection
	GlobalSection(ProjectConfigurationPlatforms) = postSolution
		{EFB7656B-2525-4CE7-B16A-2002F7A25C79}.Debug|Any CPU.ActiveCfg = Debug|Any CPU
		{EFB7656B-2525-4CE7-B16A-2002F7A25C79}.Debug|Any CPU.Build.0 = Debug|Any CPU
		{EFB7656B-2525-4CE7-B16A-2002F7A25C79}.Release|Any CPU.ActiveCfg = Release|Any CPU
		{EFB7656B-2525-4CE7-B16A-2002F7A25C79}.Release|Any CPU.Build.0 = Release|Any CPU
	EndGlobalSection
	GlobalSection(SolutionProperties) = preSolution
		HideSolutionNode = FALSE
	EndGlobalSection
	GlobalSection(ExtensibilityGlobals) = postSolution
		SolutionGuid = {FE39A054-BBFD-485F-B2E1-D0DA8AFCFFD9}
	EndGlobalSection
EndGlobal
